{
    "name": "ClienteServidorNTP-main",
    "lockfileVersion": 3,
    "requires": true,
    "packages": {
        "": {
            "dependencies": {
                "dgram": "1.0.1",
                "ntp-client": "latest"
            }
        },
        "node_modules/dgram": {
            "version": "1.0.1",
            "resolved": "https://registry.npmjs.org/dgram/-/dgram-1.0.1.tgz",
            "integrity": "sha512-zJVFL1EWfKtE0z2VN6qfpn/a+qG1viEzcwJA0EjtzS76ONSE3sEyWBwEbo32hS4IFw/EWVuWN+8b89aPW6It2A==",
            "deprecated": "npm is holding this package for security reasons. As it's a core Node module, we will not transfer it over to other users. You may safely remove the package from your dependencies."
        },
        "node_modules/ntp-client": {
            "version": "0.5.3",
            "resolved": "https://registry.npmjs.org/ntp-client/-/ntp-client-0.5.3.tgz",
            "integrity": "sha512-/Ja8ljm8V0yb+zZnjEaJlFY3abA9gIpQcnkX8RJ59NzHVcnJJpGoKtU3UcrnAwRfduYAktI+2gJLpn1NepxgnA==",
            "bin": {
                "node-ntp-client": "bin/node-ntp-client"
            },
            "engines": {
                "node": ">= 0.10.0"
            }
        }
    }
}
